// !$*UTF8*$!
{
	archiveVersion = 1;
	classes = {
	};
	objectVersion = 56;
	objects = {

/* Begin PBXBuildFile section */
		1F68CF052C370E85009E38CD /* AppDelegate.swift in Sources */ = {isa = PBXBuildFile; fileRef = 1F68CF042C370E85009E38CD /* AppDelegate.swift */; };
		1F68CF072C370E85009E38CD /* SceneDelegate.swift in Sources */ = {isa = PBXBuildFile; fileRef = 1F68CF062C370E85009E38CD /* SceneDelegate.swift */; };
		1F68CF092C370E85009E38CD /* ViewController.swift in Sources */ = {isa = PBXBuildFile; fileRef = 1F68CF082C370E85009E38CD /* ViewController.swift */; };
		1F68CF0C2C370E85009E38CD /* Main.storyboard in Resources */ = {isa = PBXBuildFile; fileRef = 1F68CF0A2C370E85009E38CD /* Main.storyboard */; };
		1F68CF0E2C370E87009E38CD /* Assets.xcassets in Resources */ = {isa = PBXBuildFile; fileRef = 1F68CF0D2C370E87009E38CD /* Assets.xcassets */; };
		1F68CF112C370E87009E38CD /* LaunchScreen.storyboard in Resources */ = {isa = PBXBuildFile; fileRef = 1F68CF0F2C370E87009E38CD /* LaunchScreen.storyboard */; };
		1F68CF1C2C370E87009E38CD /* MapViewTests.swift in Sources */ = {isa = PBXBuildFile; fileRef = 1F68CF1B2C370E87009E38CD /* MapViewTests.swift */; };
		1F68CF262C370E87009E38CD /* MapViewUITests.swift in Sources */ = {isa = PBXBuildFile; fileRef = 1F68CF252C370E87009E38CD /* MapViewUITests.swift */; };
		1F68CF282C370E87009E38CD /* MapViewUITestsLaunchTests.swift in Sources */ = {isa = PBXBuildFile; fileRef = 1F68CF272C370E87009E38CD /* MapViewUITestsLaunchTests.swift */; };
/* End PBXBuildFile section */

/* Begin PBXContainerItemProxy section */
		1F68CF182C370E87009E38CD /* PBXContainerItemProxy */ = {
			isa = PBXContainerItemProxy;
			containerPortal = 1F68CEF92C370E85009E38CD /* Project object */;
			proxyType = 1;
			remoteGlobalIDString = 1F68CF002C370E85009E38CD;
			remoteInfo = MapView;
		};
		1F68CF222C370E87009E38CD /* PBXContainerItemProxy */ = {
			isa = PBXContainerItemProxy;
			containerPortal = 1F68CEF92C370E85009E38CD /* Project object */;
			proxyType = 1;
			remoteGlobalIDString = 1F68CF002C370E85009E38CD;
			remoteInfo = MapView;
		};
/* End PBXContainerItemProxy section */

/* Begin PBXFileReference section */
		1F68CF012C370E85009E38CD /* MapView.app */ = {isa = PBXFileReference; explicitFileType = wrapper.application; includeInIndex = 0; path = MapView.app; sourceTree = BUILT_PRODUCTS_DIR; };
		1F68CF042C370E85009E38CD /* AppDelegate.swift */ = {isa = PBXFileReference; lastKnownFileType = sourcecode.swift; path = AppDelegate.swift; sourceTree = "<group>"; };
		1F68CF062C370E85009E38CD /* SceneDelegate.swift */ = {isa = PBXFileReference; lastKnownFileType = sourcecode.swift; path = SceneDelegate.swift; sourceTree = "<group>"; };
		1F68CF082C370E85009E38CD /* ViewController.swift */ = {isa = PBXFileReference; lastKnownFileType = sourcecode.swift; path = ViewController.swift; sourceTree = "<group>"; };
		1F68CF0B2C370E85009E38CD /* Base */ = {isa = PBXFileReference; lastKnownFileType = file.storyboard; name = Base; path = Base.lproj/Main.storyboard; sourceTree = "<group>"; };
		1F68CF0D2C370E87009E38CD /* Assets.xcassets */ = {isa = PBXFileReference; lastKnownFileType = folder.assetcatalog; path = Assets.xcassets; sourceTree = "<group>"; };
		1F68CF102C370E87009E38CD /* Base */ = {isa = PBXFileReference; lastKnownFileType = file.storyboard; name = Base; path = Base.lproj/LaunchScreen.storyboard; sourceTree = "<group>"; };
		1F68CF122C370E87009E38CD /* Info.plist */ = {isa = PBXFileReference; lastKnownFileType = text.plist.xml; path = Info.plist; sourceTree = "<group>"; };
		1F68CF172C370E87009E38CD /* MapViewTests.xctest */ = {isa = PBXFileReference; explicitFileType = wrapper.cfbundle; includeInIndex = 0; path = MapViewTests.xctest; sourceTree = BUILT_PRODUCTS_DIR; };
		1F68CF1B2C370E87009E38CD /* MapViewTests.swift */ = {isa = PBXFileReference; lastKnownFileType = sourcecode.swift; path = MapViewTests.swift; sourceTree = "<group>"; };
		1F68CF212C370E87009E38CD /* MapViewUITests.xctest */ = {isa = PBXFileReference; explicitFileType = wrapper.cfbundle; includeInIndex = 0; path = MapViewUITests.xctest; sourceTree = BUILT_PRODUCTS_DIR; };
		1F68CF252C370E87009E38CD /* MapViewUITests.swift */ = {isa = PBXFileReference; lastKnownFileType = sourcecode.swift; path = MapViewUITests.swift; sourceTree = "<group>"; };
		1F68CF272C370E87009E38CD /* MapViewUITestsLaunchTests.swift */ = {isa = PBXFileReference; lastKnownFileType = sourcecode.swift; path = MapViewUITestsLaunchTests.swift; sourceTree = "<group>"; };
/* End PBXFileReference section */

/* Begin PBXFrameworksBuildPhase section */
		1F68CEFE2C370E85009E38CD /* Frameworks */ = {
			isa = PBXFrameworksBuildPhase;
			buildActionMask = 2147483647;
			files = (
			);
			runOnlyForDeploymentPostprocessing = 0;
		};
		1F68CF142C370E87009E38CD /* Frameworks */ = {
			isa = PBXFrameworksBuildPhase;
			buildActionMask = 2147483647;
			files = (
			);
			runOnlyForDeploymentPostprocessing = 0;
		};
		1F68CF1E2C370E87009E38CD /* Frameworks */ = {
			isa = PBXFrameworksBuildPhase;
			buildActionMask = 2147483647;
			files = (
			);
			runOnlyForDeploymentPostprocessing = 0;
		};
/* End PBXFrameworksBuildPhase section */

/* Begin PBXGroup section */
		1F68CEF82C370E85009E38CD = {
			isa = PBXGroup;
			children = (
				1F68CF032C370E85009E38CD /* MapView */,
				1F68CF1A2C370E87009E38CD /* MapViewTests */,
				1F68CF242C370E87009E38CD /* MapViewUITests */,
				1F68CF022C370E85009E38CD /* Products */,
			);
			sourceTree = "<group>";
		};
		1F68CF022C370E85009E38CD /* Products */ = {
			isa = PBXGroup;
			children = (
				1F68CF012C370E85009E38CD /* MapView.app */,
				1F68CF172C370E87009E38CD /* MapViewTests.xctest */,
				1F68CF212C370E87009E38CD /* MapViewUITests.xctest */,
			);
			name = Products;
			sourceTree = "<group>";
		};
		1F68CF032C370E85009E38CD /* MapView */ = {
			isa = PBXGroup;
			children = (
				1F68CF042C370E85009E38CD /* AppDelegate.swift */,
				1F68CF062C370E85009E38CD /* SceneDelegate.swift */,
				1F68CF082C370E85009E38CD /* ViewController.swift */,
				1F68CF0A2C370E85009E38CD /* Main.storyboard */,
				1F68CF0D2C370E87009E38CD /* Assets.xcassets */,
				1F68CF0F2C370E87009E38CD /* LaunchScreen.storyboard */,
				1F68CF122C370E87009E38CD /* Info.plist */,
			);
			path = MapView;
			sourceTree = "<group>";
		};
		1F68CF1A2C370E87009E38CD /* MapViewTests */ = {
			isa = PBXGroup;
			children = (
				1F68CF1B2C370E87009E38CD /* MapViewTests.swift */,
			);
			path = MapViewTests;
			sourceTree = "<group>";
		};
		1F68CF242C370E87009E38CD /* MapViewUITests */ = {
			isa = PBXGroup;
			children = (
				1F68CF252C370E87009E38CD /* MapViewUITests.swift */,
				1F68CF272C370E87009E38CD /* MapViewUITestsLaunchTests.swift */,
			);
			path = MapViewUITests;
			sourceTree = "<group>";
		};
/* End PBXGroup section */

/* Begin PBXNativeTarget section */
		1F68CF002C370E85009E38CD /* MapView */ = {
			isa = PBXNativeTarget;
			buildConfigurationList = 1F68CF2B2C370E87009E38CD /* Build configuration list for PBXNativeTarget "MapView" */;
			buildPhases = (
				1F68CEFD2C370E85009E38CD /* Sources */,
				1F68CEFE2C370E85009E38CD /* Frameworks */,
				1F68CEFF2C370E85009E38CD /* Resources */,
			);
			buildRules = (
			);
			dependencies = (
			);
			name = MapView;
			productName = MapView;
			productReference = 1F68CF012C370E85009E38CD /* MapView.app */;
			productType = "com.apple.product-type.application";
		};
		1F68CF162C370E87009E38CD /* MapViewTests */ = {
			isa = PBXNativeTarget;
			buildConfigurationList = 1F68CF2E2C370E87009E38CD /* Build configuration list for PBXNativeTarget "MapViewTests" */;
			buildPhases = (
				1F68CF132C370E87009E38CD /* Sources */,
				1F68CF142C370E87009E38CD /* Frameworks */,
				1F68CF152C370E87009E38CD /* Resources */,
			);
			buildRules = (
			);
			dependencies = (
				1F68CF192C370E87009E38CD /* PBXTargetDependency */,
			);
			name = MapViewTests;
			productName = MapViewTests;
			productReference = 1F68CF172C370E87009E38CD /* MapViewTests.xctest */;
			productType = "com.apple.product-type.bundle.unit-test";
		};
		1F68CF202C370E87009E38CD /* MapViewUITests */ = {
			isa = PBXNativeTarget;
			buildConfigurationList = 1F68CF312C370E87009E38CD /* Build configuration list for PBXNativeTarget "MapViewUITests" */;
			buildPhases = (
				1F68CF1D2C370E87009E38CD /* Sources */,
				1F68CF1E2C370E87009E38CD /* Frameworks */,
				1F68CF1F2C370E87009E38CD /* Resources */,
			);
			buildRules = (
			);
			dependencies = (
				1F68CF232C370E87009E38CD /* PBXTargetDependency */,
			);
			name = MapViewUITests;
			productName = MapViewUITests;
			productReference = 1F68CF212C370E87009E38CD /* MapViewUITests.xctest */;
			productType = "com.apple.product-type.bundle.ui-testing";
		};
/* End PBXNativeTarget section */

/* Begin PBXProject section */
		1F68CEF92C370E85009E38CD /* Project object */ = {
			isa = PBXProject;
			attributes = {
				BuildIndependentTargetsInParallel = 1;
				LastSwiftUpdateCheck = 1520;
				LastUpgradeCheck = 1520;
				TargetAttributes = {
					1F68CF002C370E85009E38CD = {
						CreatedOnToolsVersion = 15.2;
					};
					1F68CF162C370E87009E38CD = {
						CreatedOnToolsVersion = 15.2;
						TestTargetID = 1F68CF002C370E85009E38CD;
					};
					1F68CF202C370E87009E38CD = {
						CreatedOnToolsVersion = 15.2;
						TestTargetID = 1F68CF002C370E85009E38CD;
					};
				};
			};
			buildConfigurationList = 1F68CEFC2C370E85009E38CD /* Build configuration list for PBXProject "MapView" */;
			compatibilityVersion = "Xcode 14.0";
			developmentRegion = en;
			hasScannedForEncodings = 0;
			knownRegions = (
				en,
				Base,
			);
			mainGroup = 1F68CEF82C370E85009E38CD;
			productRefGroup = 1F68CF022C370E85009E38CD /* Products */;
			projectDirPath = "";
			projectRoot = "";
			targets = (
				1F68CF002C370E85009E38CD /* MapView */,
				1F68CF162C370E87009E38CD /* MapViewTests */,
				1F68CF202C370E87009E38CD /* MapViewUITests */,
			);
		};
/* End PBXProject section */

/* Begin PBXResourcesBuildPhase section */
		1F68CEFF2C370E85009E38CD /* Resources */ = {
			isa = PBXResourcesBuildPhase;
			buildActionMask = 2147483647;
			files = (
				1F68CF112C370E87009E38CD /* LaunchScreen.storyboard in Resources */,
				1F68CF0E2C370E87009E38CD /* Assets.xcassets in Resources */,
				1F68CF0C2C370E85009E38CD /* Main.storyboard in Resources */,
			);
			runOnlyForDeploymentPostprocessing = 0;
		};
		1F68CF152C370E87009E38CD /* Resources */ = {
			isa = PBXResourcesBuildPhase;
			buildActionMask = 2147483647;
			files = (
			);
			runOnlyForDeploymentPostprocessing = 0;
		};
		1F68CF1F2C370E87009E38CD /* Resources */ = {
			isa = PBXResourcesBuildPhase;
			buildActionMask = 2147483647;
			files = (
			);
			runOnlyForDeploymentPostprocessing = 0;
		};
/* End PBXResourcesBuildPhase section */

/* Begin PBXSourcesBuildPhase section */
		1F68CEFD2C370E85009E38CD /* Sources */ = {
			isa = PBXSourcesBuildPhase;
			buildActionMask = 2147483647;
			files = (
				1F68CF092C370E85009E38CD /* ViewController.swift in Sources */,
				1F68CF052C370E85009E38CD /* AppDelegate.swift in Sources */,
				1F68CF072C370E85009E38CD /* SceneDelegate.swift in Sources */,
			);
			runOnlyForDeploymentPostprocessing = 0;
		};
		1F68CF132C370E87009E38CD /* Sources */ = {
			isa = PBXSourcesBuildPhase;
			buildActionMask = 2147483647;
			files = (
				1F68CF1C2C370E87009E38CD /* MapViewTests.swift in Sources */,
			);
			runOnlyForDeploymentPostprocessing = 0;
		};
		1F68CF1D2C370E87009E38CD /* Sources */ = {
			isa = PBXSourcesBuildPhase;
			buildActionMask = 2147483647;
			files = (
				1F68CF282C370E87009E38CD /* MapViewUITestsLaunchTests.swift in Sources */,
				1F68CF262C370E87009E38CD /* MapViewUITests.swift in Sources */,
			);
			runOnlyForDeploymentPostprocessing = 0;
		};
/* End PBXSourcesBuildPhase section */

/* Begin PBXTargetDependency section */
		1F68CF192C370E87009E38CD /* PBXTargetDependency */ = {
			isa = PBXTargetDependency;
			target = 1F68CF002C370E85009E38CD /* MapView */;
			targetProxy = 1F68CF182C370E87009E38CD /* PBXContainerItemProxy */;
		};
		1F68CF232C370E87009E38CD /* PBXTargetDependency */ = {
			isa = PBXTargetDependency;
			target = 1F68CF002C370E85009E38CD /* MapView */;
			targetProxy = 1F68CF222C370E87009E38CD /* PBXContainerItemProxy */;
		};
/* End PBXTargetDependency section */

/* Begin PBXVariantGroup section */
		1F68CF0A2C370E85009E38CD /* Main.storyboard */ = {
			isa = PBXVariantGroup;
			children = (
				1F68CF0B2C370E85009E38CD /* Base */,
			);
			name = Main.storyboard;
			sourceTree = "<group>";
		};
		1F68CF0F2C370E87009E38CD /* LaunchScreen.storyboard */ = {
			isa = PBXVariantGroup;
			children = (
				1F68CF102C370E87009E38CD /* Base */,
			);
			name = LaunchScreen.storyboard;
			sourceTree = "<group>";
		};
/* End PBXVariantGroup section */

/* Begin XCBuildConfiguration section */
		1F68CF292C370E87009E38CD /* Debug */ = {
			isa = XCBuildConfiguration;
			buildSettings = {
				ALWAYS_SEARCH_USER_PATHS = NO;
				ASSETCATALOG_COMPILER_GENERATE_SWIFT_ASSET_SYMBOL_EXTENSIONS = YES;
				CLANG_ANALYZER_NONNULL = YES;
				CLANG_ANALYZER_NUMBER_OBJECT_CONVERSION = YES_AGGRESSIVE;
				CLANG_CXX_LANGUAGE_STANDARD = "gnu++20";
				CLANG_ENABLE_MODULES = YES;
				CLANG_ENABLE_OBJC_ARC = YES;
				CLANG_ENABLE_OBJC_WEAK = YES;
				CLANG_WARN_BLOCK_CAPTURE_AUTORELEASING = YES;
				CLANG_WARN_BOOL_CONVERSION = YES;
				CLANG_WARN_COMMA = YES;
				CLANG_WARN_CONSTANT_CONVERSION = YES;
				CLANG_WARN_DEPRECATED_OBJC_IMPLEMENTATIONS = YES;
				CLANG_WARN_DIRECT_OBJC_ISA_USAGE = YES_ERROR;
				CLANG_WARN_DOCUMENTATION_COMMENTS = YES;
				CLANG_WARN_EMPTY_BODY = YES;
				CLANG_WARN_ENUM_CONVERSION = YES;
				CLANG_WARN_INFINITE_RECURSION = YES;
				CLANG_WARN_INT_CONVERSION = YES;
				CLANG_WARN_NON_LITERAL_NULL_CONVERSION = YES;
				CLANG_WARN_OBJC_IMPLICIT_RETAIN_SELF = YES;
				CLANG_WARN_OBJC_LITERAL_CONVERSION = YES;
				CLANG_WARN_OBJC_ROOT_CLASS = YES_ERROR;
				CLANG_WARN_QUOTED_INCLUDE_IN_FRAMEWORK_HEADER = YES;
				CLANG_WARN_RANGE_LOOP_ANALYSIS = YES;
				CLANG_WARN_STRICT_PROTOTYPES = YES;
				CLANG_WARN_SUSPICIOUS_MOVE = YES;
				CLANG_WARN_UNGUARDED_AVAILABILITY = YES_AGGRESSIVE;
				CLANG_WARN_UNREACHABLE_CODE = YES;
				CLANG_WARN__DUPLICATE_METHOD_MATCH = YES;
				COPY_PHASE_STRIP = NO;
				DEBUG_INFORMATION_FORMAT = dwarf;
				ENABLE_STRICT_OBJC_MSGSEND = YES;
				ENABLE_TESTABILITY = YES;
				ENABLE_USER_SCRIPT_SANDBOXING = YES;
				GCC_C_LANGUAGE_STANDARD = gnu17;
				GCC_DYNAMIC_NO_PIC = NO;
				GCC_NO_COMMON_BLOCKS = YES;
				GCC_OPTIMIZATION_LEVEL = 0;
				GCC_PREPROCESSOR_DEFINITIONS = (
					"DEBUG=1",
					"$(inherited)",
				);
				GCC_WARN_64_TO_32_BIT_CONVERSION = YES;
				GCC_WARN_ABOUT_RETURN_TYPE = YES_ERROR;
				GCC_WARN_UNDECLARED_SELECTOR = YES;
				GCC_WARN_UNINITIALIZED_AUTOS = YES_AGGRESSIVE;
				GCC_WARN_UNUSED_FUNCTION = YES;
				GCC_WARN_UNUSED_VARIABLE = YES;
				IPHONEOS_DEPLOYMENT_TARGET = 17.2;
				LOCALIZATION_PREFERS_STRING_CATALOGS = YES;
				MTL_ENABLE_DEBUG_INFO = INCLUDE_SOURCE;
				MTL_FAST_MATH = YES;
				ONLY_ACTIVE_ARCH = YES;
				SDKROOT = iphoneos;
				SWIFT_ACTIVE_COMPILATION_CONDITIONS = "DEBUG $(inherited)";
				SWIFT_OPTIMIZATION_LEVEL = "-Onone";
			};
			name = Debug;
		};
		1F68CF2A2C370E87009E38CD /* Release */ = {
			isa = XCBuildConfiguration;
			buildSettings = {
				ALWAYS_SEARCH_USER_PATHS = NO;
				ASSETCATALOG_COMPILER_GENERATE_SWIFT_ASSET_SYMBOL_EXTENSIONS = YES;
				CLANG_ANALYZER_NONNULL = YES;
				CLANG_ANALYZER_NUMBER_OBJECT_CONVERSION = YES_AGGRESSIVE;
				CLANG_CXX_LANGUAGE_STANDARD = "gnu++20";
				CLANG_ENABLE_MODULES = YES;
				CLANG_ENABLE_OBJC_ARC = YES;
				CLANG_ENABLE_OBJC_WEAK = YES;
				CLANG_WARN_BLOCK_CAPTURE_AUTORELEASING = YES;
				CLANG_WARN_BOOL_CONVERSION = YES;
				CLANG_WARN_COMMA = YES;
				CLANG_WARN_CONSTANT_CONVERSION = YES;
				CLANG_WARN_DEPRECATED_OBJC_IMPLEMENTATIONS = YES;
				CLANG_WARN_DIRECT_OBJC_ISA_USAGE = YES_ERROR;
				CLANG_WARN_DOCUMENTATION_COMMENTS = YES;
				CLANG_WARN_EMPTY_BODY = YES;
				CLANG_WARN_ENUM_CONVERSION = YES;
				CLANG_WARN_INFINITE_RECURSION = YES;
				CLANG_WARN_INT_CONVERSION = YES;
				CLANG_WARN_NON_LITERAL_NULL_CONVERSION = YES;
				CLANG_WARN_OBJC_IMPLICIT_RETAIN_SELF = YES;
				CLANG_WARN_OBJC_LITERAL_CONVERSION = YES;
				CLANG_WARN_OBJC_ROOT_CLASS = YES_ERROR;
				CLANG_WARN_QUOTED_INCLUDE_IN_FRAMEWORK_HEADER = YES;
				CLANG_WARN_RANGE_LOOP_ANALYSIS = YES;
				CLANG_WARN_STRICT_PROTOTYPES = YES;
				CLANG_WARN_SUSPICIOUS_MOVE = YES;
				CLANG_WARN_UNGUARDED_AVAILABILITY = YES_AGGRESSIVE;
				CLANG_WARN_UNREACHABLE_CODE = YES;
				CLANG_WARN__DUPLICATE_METHOD_MATCH = YES;
				COPY_PHASE_STRIP = NO;
				DEBUG_INFORMATION_FORMAT = "dwarf-with-dsym";
				ENABLE_NS_ASSERTIONS = NO;
				ENABLE_STRICT_OBJC_MSGSEND = YES;
				ENABLE_USER_SCRIPT_SANDBOXING = YES;
				GCC_C_LANGUAGE_STANDARD = gnu17;
				GCC_NO_COMMON_BLOCKS = YES;
				GCC_WARN_64_TO_32_BIT_CONVERSION = YES;
				GCC_WARN_ABOUT_RETURN_TYPE = YES_ERROR;
				GCC_WARN_UNDECLARED_SELECTOR = YES;
				GCC_WARN_UNINITIALIZED_AUTOS = YES_AGGRESSIVE;
				GCC_WARN_UNUSED_FUNCTION = YES;
				GCC_WARN_UNUSED_VARIABLE = YES;
				IPHONEOS_DEPLOYMENT_TARGET = 17.2;
				LOCALIZATION_PREFERS_STRING_CATALOGS = YES;
				MTL_ENABLE_DEBUG_INFO = NO;
				MTL_FAST_MATH = YES;
				SDKROOT = iphoneos;
				SWIFT_COMPILATION_MODE = wholemodule;
				VALIDATE_PRODUCT = YES;
			};
			name = Release;
		};
		1F68CF2C2C370E87009E38CD /* Debug */ = {
			isa = XCBuildConfiguration;
			buildSettings = {
				ASSETCATALOG_COMPILER_APPICON_NAME = AppIcon;
				ASSETCATALOG_COMPILER_GLOBAL_ACCENT_COLOR_NAME = AccentColor;
				CODE_SIGN_STYLE = Automatic;
				CURRENT_PROJECT_VERSION = 1;
				GENERATE_INFOPLIST_FILE = YES;
				INFOPLIST_FILE = MapView/Info.plist;
				INFOPLIST_KEY_UIApplicationSupportsIndirectInputEvents = YES;
				INFOPLIST_KEY_UILaunchStoryboardName = LaunchScreen;
				INFOPLIST_KEY_UIMainStoryboardFile = Main;
				INFOPLIST_KEY_UISupportedInterfaceOrientations_iPad = "UIInterfaceOrientationPortrait UIInterfaceOrientationPortraitUpsideDown UIInterfaceOrientationLandscapeLeft UIInterfaceOrientationLandscapeRight";
				INFOPLIST_KEY_UISupportedInterfaceOrientations_iPhone = "UIInterfaceOrientationPortrait UIInterfaceOrientationLandscapeLeft UIInterfaceOrientationLandscapeRight";
				LD_RUNPATH_SEARCH_PATHS = (
					"$(inherited)",
					"@executable_path/Frameworks",
				);
				MARKETING_VERSION = 1.0;
				PRODUCT_BUNDLE_IDENTIFIER = apple.com.MapView;
				PRODUCT_NAME = "$(TARGET_NAME)";
				SWIFT_EMIT_LOC_STRINGS = YES;
				SWIFT_VERSION = 5.0;
				TARGETED_DEVICE_FAMILY = "1,2";
			};
			name = Debug;
		};
		1F68CF2D2C370E87009E38CD /* Release */ = {
			isa = XCBuildConfiguration;
			buildSettings = {
				ASSETCATALOG_COMPILER_APPICON_NAME = AppIcon;
				ASSETCATALOG_COMPILER_GLOBAL_ACCENT_COLOR_NAME = AccentColor;
				CODE_SIGN_STYLE = Automatic;
				CURRENT_PROJECT_VERSION = 1;
				GENERATE_INFOPLIST_FILE = YES;
				INFOPLIST_FILE = MapView/Info.plist;
				INFOPLIST_KEY_UIApplicationSupportsIndirectInputEvents = YES;
				INFOPLIST_KEY_UILaunchStoryboardName = LaunchScreen;
				INFOPLIST_KEY_UIMainStoryboardFile = Main;
				INFOPLIST_KEY_UISupportedInterfaceOrientations_iPad = "UIInterfaceOrientationPortrait UIInterfaceOrientationPortraitUpsideDown UIInterfaceOrientationLandscapeLeft UIInterfaceOrientationLandscapeRight";
				INFOPLIST_KEY_UISupportedInterfaceOrientations_iPhone = "UIInterfaceOrientationPortrait UIInterfaceOrientationLandscapeLeft UIInterfaceOrientationLandscapeRight";
				LD_RUNPATH_SEARCH_PATHS = (
					"$(inherited)",
					"@executable_path/Frameworks",
				);
				MARKETING_VERSION = 1.0;
				PRODUCT_BUNDLE_IDENTIFIER = apple.com.MapView;
				PRODUCT_NAME = "$(TARGET_NAME)";
				SWIFT_EMIT_LOC_STRINGS = YES;
				SWIFT_VERSION = 5.0;
				TARGETED_DEVICE_FAMILY = "1,2";
			};
			name = Release;
		};
		1F68CF2F2C370E87009E38CD /* Debug */ = {
			isa = XCBuildConfiguration;
			buildSettings = {
				ALWAYS_EMBED_SWIFT_STANDARD_LIBRARIES = YES;
				BUNDLE_LOADER = "$(TEST_HOST)";
				CODE_SIGN_STYLE = Automatic;
				CURRENT_PROJECT_VERSION = 1;
				GENERATE_INFOPLIST_FILE = YES;
				IPHONEOS_DEPLOYMENT_TARGET = 17.2;
				MARKETING_VERSION = 1.0;
				PRODUCT_BUNDLE_IDENTIFIER = apple.com.MapViewTests;
				PRODUCT_NAME = "$(TARGET_NAME)";
				SWIFT_EMIT_LOC_STRINGS = NO;
				SWIFT_VERSION = 5.0;
				TARGETED_DEVICE_FAMILY = "1,2";
				TEST_HOST = "$(BUILT_PRODUCTS_DIR)/MapView.app/$(BUNDLE_EXECUTABLE_FOLDER_PATH)/MapView";
			};
			name = Debug;
		};
		1F68CF302C370E87009E38CD /* Release */ = {
			isa = XCBuildConfiguration;
			buildSettings = {
				ALWAYS_EMBED_SWIFT_STANDARD_LIBRARIES = YES;
				BUNDLE_LOADER = "$(TEST_HOST)";
				CODE_SIGN_STYLE = Automatic;
				CURRENT_PROJECT_VERSION = 1;
				GENERATE_INFOPLIST_FILE = YES;
				IPHONEOS_DEPLOYMENT_TARGET = 17.2;
				MARKETING_VERSION = 1.0;
				PRODUCT_BUNDLE_IDENTIFIER = apple.com.MapViewTests;
				PRODUCT_NAME = "$(TARGET_NAME)";
				SWIFT_EMIT_LOC_STRINGS = NO;
				SWIFT_VERSION = 5.0;
				TARGETED_DEVICE_FAMILY = "1,2";
				TEST_HOST = "$(BUILT_PRODUCTS_DIR)/MapView.app/$(BUNDLE_EXECUTABLE_FOLDER_PATH)/MapView";
			};
			name = Release;
		};
		1F68CF322C370E87009E38CD /* Debug */ = {
			isa = XCBuildConfiguration;
			buildSettings = {
				ALWAYS_EMBED_SWIFT_STANDARD_LIBRARIES = YES;
				CODE_SIGN_STYLE = Automatic;
				CURRENT_PROJECT_VERSION = 1;
				GENERATE_INFOPLIST_FILE = YES;
				MARKETING_VERSION = 1.0;
				PRODUCT_BUNDLE_IDENTIFIER = apple.com.MapViewUITests;
				PRODUCT_NAME = "$(TARGET_NAME)";
				SWIFT_EMIT_LOC_STRINGS = NO;
				SWIFT_VERSION = 5.0;
				TARGETED_DEVICE_FAMILY = "1,2";
				TEST_TARGET_NAME = MapView;
			};
			name = Debug;
		};
		1F68CF332C370E87009E38CD /* Release */ = {
			isa = XCBuildConfiguration;
			buildSettings = {
				ALWAYS_EMBED_SWIFT_STANDARD_LIBRARIES = YES;
				CODE_SIGN_STYLE = Automatic;
				CURRENT_PROJECT_VERSION = 1;
				GENERATE_INFOPLIST_FILE = YES;
				MARKETING_VERSION = 1.0;
				PRODUCT_BUNDLE_IDENTIFIER = apple.com.MapViewUITests;
				PRODUCT_NAME = "$(TARGET_NAME)";
				SWIFT_EMIT_LOC_STRINGS = NO;
				SWIFT_VERSION = 5.0;
				TARGETED_DEVICE_FAMILY = "1,2";
				TEST_TARGET_NAME = MapView;
			};
			name = Release;
		};
/* End XCBuildConfiguration section */

/* Begin XCConfigurationList section */
		1F68CEFC2C370E85009E38CD /* Build configuration list for PBXProject "MapView" */ = {
			isa = XCConfigurationList;
			buildConfigurations = (
				1F68CF292C370E87009E38CD /* Debug */,
				1F68CF2A2C370E87009E38CD /* Release */,
			);
			defaultConfigurationIsVisible = 0;
			defaultConfigurationName = Release;
		};
		1F68CF2B2C370E87009E38CD /* Build configuration list for PBXNativeTarget "MapView" */ = {
			isa = XCConfigurationList;
			buildConfigurations = (
				1F68CF2C2C370E87009E38CD /* Debug */,
				1F68CF2D2C370E87009E38CD /* Release */,
			);
			defaultConfigurationIsVisible = 0;
			defaultConfigurationName = Release;
		};
		1F68CF2E2C370E87009E38CD /* Build configuration list for PBXNativeTarget "MapViewTests" */ = {
			isa = XCConfigurationList;
			buildConfigurations = (
				1F68CF2F2C370E87009E38CD /* Debug */,
				1F68CF302C370E87009E38CD /* Release */,
			);
			defaultConfigurationIsVisible = 0;
			defaultConfigurationName = Release;
		};
		1F68CF312C370E87009E38CD /* Build configuration list for PBXNativeTarget "MapViewUITests" */ = {
			isa = XCConfigurationList;
			buildConfigurations = (
				1F68CF322C370E87009E38CD /* Debug */,
				1F68CF332C370E87009E38CD /* Release */,
			);
			defaultConfigurationIsVisible = 0;
			defaultConfigurationName = Release;
		};
/* End XCConfigurationList section */
	};
	rootObject = 1F68CEF92C370E85009E38CD /* Project object */;
}
